[root]
name = "gfx_scene"
version = "0.0.0"
dependencies = [
 "draw 0.0.1",
 "queue 0.0.1",
 "scene 0.0.1",
]

[[package]]
name = "bitflags"
version = "0.1.1"
source = "registry+https://github.com/rust-lang/crates.io-index"

[[package]]
name = "cgmath"
version = "0.0.6"
source = "git+https://github.com/bjz/cgmath-rs#1705cf74d0fc51e5c2fb51ee54d13929a9269865"
dependencies = [
 "rand 0.1.3 (registry+https://github.com/rust-lang/crates.io-index)",
 "rand_macros 0.1.4 (registry+https://github.com/rust-lang/crates.io-index)",
 "rustc-serialize 0.2.15 (registry+https://github.com/rust-lang/crates.io-index)",
]

[[package]]
name = "draw"
version = "0.0.1"
dependencies = [
 "gfx 0.1.7 (git+https://github.com/gfx-rs/gfx-rs)",
 "queue 0.0.1",
]

[[package]]
name = "gfx"
version = "0.1.7"
source = "git+https://github.com/gfx-rs/gfx-rs#c045b51a800f6fd5a2d73dc9a7df25c280bc50aa"
dependencies = [
 "gfx_device_gl 0.1.3 (git+https://github.com/gfx-rs/gfx-rs)",
 "gfx_macros 0.1.6 (git+https://github.com/gfx-rs/gfx-rs)",
 "log 0.2.4 (registry+https://github.com/rust-lang/crates.io-index)",
]

[[package]]
name = "gfx_device_gl"
version = "0.1.3"
source = "git+https://github.com/gfx-rs/gfx-rs#c045b51a800f6fd5a2d73dc9a7df25c280bc50aa"
dependencies = [
 "bitflags 0.1.1 (registry+https://github.com/rust-lang/crates.io-index)",
 "gfx_gl 0.1.1 (registry+https://github.com/rust-lang/crates.io-index)",
 "libc 0.1.2 (registry+https://github.com/rust-lang/crates.io-index)",
 "log 0.2.4 (registry+https://github.com/rust-lang/crates.io-index)",
]

[[package]]
name = "gfx_gl"
version = "0.1.1"
source = "registry+https://github.com/rust-lang/crates.io-index"
dependencies = [
 "gl_common 0.0.4 (registry+https://github.com/rust-lang/crates.io-index)",
 "gl_generator 0.0.18 (registry+https://github.com/rust-lang/crates.io-index)",
 "khronos_api 0.0.5 (registry+https://github.com/rust-lang/crates.io-index)",
 "libc 0.1.2 (registry+https://github.com/rust-lang/crates.io-index)",
]

[[package]]
name = "gfx_macros"
version = "0.1.6"
source = "git+https://github.com/gfx-rs/gfx-rs#c045b51a800f6fd5a2d73dc9a7df25c280bc50aa"

[[package]]
name = "gl_common"
version = "0.0.4"
source = "registry+https://github.com/rust-lang/crates.io-index"
dependencies = [
 "libc 0.1.2 (registry+https://github.com/rust-lang/crates.io-index)",
]

[[package]]
name = "gl_generator"
version = "0.0.18"
source = "registry+https://github.com/rust-lang/crates.io-index"
dependencies = [
 "khronos_api 0.0.5 (registry+https://github.com/rust-lang/crates.io-index)",
 "log 0.2.4 (registry+https://github.com/rust-lang/crates.io-index)",
 "xml-rs 0.1.19 (registry+https://github.com/rust-lang/crates.io-index)",
]

[[package]]
name = "khronos_api"
version = "0.0.5"
source = "registry+https://github.com/rust-lang/crates.io-index"

[[package]]
name = "libc"
version = "0.1.2"
source = "registry+https://github.com/rust-lang/crates.io-index"

[[package]]
name = "log"
version = "0.2.4"
source = "registry+https://github.com/rust-lang/crates.io-index"

[[package]]
name = "queue"
version = "0.0.1"

[[package]]
name = "rand"
version = "0.1.3"
source = "registry+https://github.com/rust-lang/crates.io-index"
dependencies = [
 "libc 0.1.2 (registry+https://github.com/rust-lang/crates.io-index)",
 "log 0.2.4 (registry+https://github.com/rust-lang/crates.io-index)",
]

[[package]]
name = "rand_macros"
version = "0.1.4"
source = "registry+https://github.com/rust-lang/crates.io-index"

[[package]]
name = "rustc-serialize"
version = "0.2.15"
source = "registry+https://github.com/rust-lang/crates.io-index"

[[package]]
name = "scene"
version = "0.0.1"
dependencies = [
 "cgmath 0.0.6 (git+https://github.com/bjz/cgmath-rs)",
 "draw 0.0.1",
 "gfx 0.1.7 (git+https://github.com/gfx-rs/gfx-rs)",
]

[[package]]
name = "xml-rs"
version = "0.1.19"
source = "registry+https://github.com/rust-lang/crates.io-index"
dependencies = [
 "bitflags 0.1.1 (registry+https://github.com/rust-lang/crates.io-index)",
]

